
Microsoft Visual Studio Solution File, Format Version 12.00
# Visual Studio Version 17
VisualStudioVersion = 17.13.35931.197
MinimumVisualStudioVersion = 10.0.40219.1
Project("{FAE04EC0-301F-11D3-BF4B-00C04F79EFBC}") = "SystemTrayLogger", "SystemTrayLogger.csproj", "{50ADB6E3-8C8C-4FF6-AA4F-A36883DCC4D2}"
EndProject
Project("{54435603-DBB4-11D2-8724-00A0C9A8B90C}") = "SystemHealthInstaller", "..\SystemHealthInstaller\SystemHealthInstaller.vdproj", "{BFDA1AC6-4E36-BB7A-7267-63C080DBCCD6}"
EndProject
Global
	GlobalSection(SolutionConfigurationPlatforms) = preSolution
		Debug|Any CPU = Debug|Any CPU
		Release|Any CPU = Release|Any CPU
	EndGlobalSection
	GlobalSection(ProjectConfigurationPlatforms) = postSolution
		{50ADB6E3-8C8C-4FF6-AA4F-A36883DCC4D2}.Debug|Any CPU.ActiveCfg = Debug|Any CPU
		{50ADB6E3-8C8C-4FF6-AA4F-A36883DCC4D2}.Debug|Any CPU.Build.0 = Debug|Any CPU
		{50ADB6E3-8C8C-4FF6-AA4F-A36883DCC4D2}.Release|Any CPU.ActiveCfg = Release|Any CPU
		{50ADB6E3-8C8C-4FF6-AA4F-A36883DCC4D2}.Release|Any CPU.Build.0 = Release|Any CPU
		{BFDA1AC6-4E36-BB7A-7267-63C080DBCCD6}.Debug|Any CPU.ActiveCfg = Debug
		{BFDA1AC6-4E36-BB7A-7267-63C080DBCCD6}.Debug|Any CPU.Build.0 = Debug
		{BFDA1AC6-4E36-BB7A-7267-63C080DBCCD6}.Release|Any CPU.ActiveCfg = Release
	EndGlobalSection
	GlobalSection(SolutionProperties) = preSolution
		HideSolutionNode = FALSE
	EndGlobalSection
	GlobalSection(ExtensibilityGlobals) = postSolution
		SolutionGuid = {CFC53125-3A70-486F-B8D4-3D46946AD67F}
	EndGlobalSection
EndGlobal
